// !$*UTF8*$!
{
	archiveVersion = 1;
	classes = {
	};
	objectVersion = 50;
	objects = {

/* Begin PBXBuildFile section */
		14B026702A5348AB00800DD2 /* LibApp.swift in Sources */ = {isa = PBXBuildFile; fileRef = 14B0266F2A5348AB00800DD2 /* LibApp.swift */; };
		14B026722A5348AB00800DD2 /* ContentView.swift in Sources */ = {isa = PBXBuildFile; fileRef = 14B026712A5348AB00800DD2 /* ContentView.swift */; };
		14B026742A5348B200800DD2 /* Assets.xcassets in Resources */ = {isa = PBXBuildFile; fileRef = 14B026732A5348B200800DD2 /* Assets.xcassets */; };
		14B026772A5348B200800DD2 /* Preview Assets.xcassets in Resources */ = {isa = PBXBuildFile; fileRef = 14B026762A5348B200800DD2 /* Preview Assets.xcassets */; };
		14B026792A5348B200800DD2 /* Persistence.swift in Sources */ = {isa = PBXBuildFile; fileRef = 14B026782A5348B200800DD2 /* Persistence.swift */; };
		14B0267C2A5348B200800DD2 /* Lib.xcdatamodeld in Sources */ = {isa = PBXBuildFile; fileRef = 14B0267A2A5348B200800DD2 /* Lib.xcdatamodeld */; };
		14B0269D2A5356F900800DD2 /* FormView.swift in Sources */ = {isa = PBXBuildFile; fileRef = 14B0269C2A5356F900800DD2 /* FormView.swift */; };
/* End PBXBuildFile section */

/* Begin PBXFileReference section */
		14B0266C2A5348AB00800DD2 /* Lib.app */ = {isa = PBXFileReference; explicitFileType = wrapper.application; includeInIndex = 0; path = Lib.app; sourceTree = BUILT_PRODUCTS_DIR; };
		14B0266F2A5348AB00800DD2 /* LibApp.swift */ = {isa = PBXFileReference; lastKnownFileType = sourcecode.swift; path = LibApp.swift; sourceTree = "<group>"; };
		14B026712A5348AB00800DD2 /* ContentView.swift */ = {isa = PBXFileReference; lastKnownFileType = sourcecode.swift; path = ContentView.swift; sourceTree = "<group>"; };
		14B026732A5348B200800DD2 /* Assets.xcassets */ = {isa = PBXFileReference; lastKnownFileType = folder.assetcatalog; path = Assets.xcassets; sourceTree = "<group>"; };
		14B026762A5348B200800DD2 /* Preview Assets.xcassets */ = {isa = PBXFileReference; lastKnownFileType = folder.assetcatalog; path = "Preview Assets.xcassets"; sourceTree = "<group>"; };
		14B026782A5348B200800DD2 /* Persistence.swift */ = {isa = PBXFileReference; lastKnownFileType = sourcecode.swift; path = Persistence.swift; sourceTree = "<group>"; };
		14B0267B2A5348B200800DD2 /* Lib.xcdatamodel */ = {isa = PBXFileReference; lastKnownFileType = wrapper.xcdatamodel; path = Lib.xcdatamodel; sourceTree = "<group>"; };
		14B0267D2A5348B200800DD2 /* Info.plist */ = {isa = PBXFileReference; lastKnownFileType = text.plist.xml; path = Info.plist; sourceTree = "<group>"; };
		14B0269C2A5356F900800DD2 /* FormView.swift */ = {isa = PBXFileReference; lastKnownFileType = sourcecode.swift; path = FormView.swift; sourceTree = "<group>"; };
/* End PBXFileReference section */

/* Begin PBXFrameworksBuildPhase section */
		14B026692A5348AB00800DD2 /* Frameworks */ = {
			isa = PBXFrameworksBuildPhase;
			buildActionMask = 2147483647;
			files = (
			);
			runOnlyForDeploymentPostprocessing = 0;
		};
/* End PBXFrameworksBuildPhase section */

/* Begin PBXGroup section */
		14B026632A5348AB00800DD2 = {
			isa = PBXGroup;
			children = (
				14B0266E2A5348AB00800DD2 /* Lib */,
				14B0266D2A5348AB00800DD2 /* Products */,
			);
			sourceTree = "<group>";
		};
		14B0266D2A5348AB00800DD2 /* Products */ = {
			isa = PBXGroup;
			children = (
				14B0266C2A5348AB00800DD2 /* Lib.app */,
			);
			name = Products;
			sourceTree = "<group>";
		};
		14B0266E2A5348AB00800DD2 /* Lib */ = {
			isa = PBXGroup;
			children = (
				14B0266F2A5348AB00800DD2 /* LibApp.swift */,
				14B026712A5348AB00800DD2 /* ContentView.swift */,
				14B0269C2A5356F900800DD2 /* FormView.swift */,
				14B026732A5348B200800DD2 /* Assets.xcassets */,
				14B026782A5348B200800DD2 /* Persistence.swift */,
				14B0267D2A5348B200800DD2 /* Info.plist */,
				14B0267A2A5348B200800DD2 /* Lib.xcdatamodeld */,
				14B026752A5348B200800DD2 /* Preview Content */,
			);
			path = Lib;
			sourceTree = "<group>";
		};
		14B026752A5348B200800DD2 /* Preview Content */ = {
			isa = PBXGroup;
			children = (
				14B026762A5348B200800DD2 /* Preview Assets.xcassets */,
			);
			path = "Preview Content";
			sourceTree = "<group>";
		};
/* End PBXGroup section */

/* Begin PBXNativeTarget section */
		14B0266B2A5348AB00800DD2 /* Lib */ = {
			isa = PBXNativeTarget;
			buildConfigurationList = 14B026802A5348B200800DD2 /* Build configuration list for PBXNativeTarget "Lib" */;
			buildPhases = (
				14B026682A5348AB00800DD2 /* Sources */,
				14B026692A5348AB00800DD2 /* Frameworks */,
				14B0266A2A5348AB00800DD2 /* Resources */,
			);
			buildRules = (
			);
			dependencies = (
			);
			name = Lib;
			productName = Lib;
			productReference = 14B0266C2A5348AB00800DD2 /* Lib.app */;
			productType = "com.apple.product-type.application";
		};
/* End PBXNativeTarget section */

/* Begin PBXProject section */
		14B026642A5348AB00800DD2 /* Project object */ = {
			isa = PBXProject;
			attributes = {
				LastSwiftUpdateCheck = 1240;
				LastUpgradeCheck = 1240;
				TargetAttributes = {
					14B0266B2A5348AB00800DD2 = {
						CreatedOnToolsVersion = 12.4;
					};
				};
			};
			buildConfigurationList = 14B026672A5348AB00800DD2 /* Build configuration list for PBXProject "Lib" */;
			compatibilityVersion = "Xcode 9.3";
			developmentRegion = en;
			hasScannedForEncodings = 0;
			knownRegions = (
				en,
				Base,
			);
			mainGroup = 14B026632A5348AB00800DD2;
			productRefGroup = 14B0266D2A5348AB00800DD2 /* Products */;
			projectDirPath = "";
			projectRoot = "";
			targets = (
				14B0266B2A5348AB00800DD2 /* Lib */,
			);
		};
/* End PBXProject section */

/* Begin PBXResourcesBuildPhase section */
		14B0266A2A5348AB00800DD2 /* Resources */ = {
			isa = PBXResourcesBuildPhase;
			buildActionMask = 2147483647;
			files = (
				14B026772A5348B200800DD2 /* Preview Assets.xcassets in Resources */,
				14B026742A5348B200800DD2 /* Assets.xcassets in Resources */,
			);
			runOnlyForDeploymentPostprocessing = 0;
		};
/* End PBXResourcesBuildPhase section */

/* Begin PBXSourcesBuildPhase section */
		14B026682A5348AB00800DD2 /* Sources */ = {
			isa = PBXSourcesBuildPhase;
			buildActionMask = 2147483647;
			files = (
				14B026792A5348B200800DD2 /* Persistence.swift in Sources */,
				14B026722A5348AB00800DD2 /* ContentView.swift in Sources */,
				14B0269D2A5356F900800DD2 /* FormView.swift in Sources */,
				14B026702A5348AB00800DD2 /* LibApp.swift in Sources */,
				14B0267C2A5348B200800DD2 /* Lib.xcdatamodeld in Sources */,
			);
			runOnlyForDeploymentPostprocessing = 0;
		};
/* End PBXSourcesBuildPhase section */

/* Begin XCBuildConfiguration section */
		14B0267E2A5348B200800DD2 /* Debug */ = {
			isa = XCBuildConfiguration;
			buildSettings = {
				ALWAYS_SEARCH_USER_PATHS = NO;
				CLANG_ANALYZER_NONNULL = YES;
				CLANG_ANALYZER_NUMBER_OBJECT_CONVERSION = YES_AGGRESSIVE;
				CLANG_CXX_LANGUAGE_STANDARD = "gnu++14";
				CLANG_CXX_LIBRARY = "libc++";
				CLANG_ENABLE_MODULES = YES;
				CLANG_ENABLE_OBJC_ARC = YES;
				CLANG_ENABLE_OBJC_WEAK = YES;
				CLANG_WARN_BLOCK_CAPTURE_AUTORELEASING = YES;
				CLANG_WARN_BOOL_CONVERSION = YES;
				CLANG_WARN_COMMA = YES;
				CLANG_WARN_CONSTANT_CONVERSION = YES;
				CLANG_WARN_DEPRECATED_OBJC_IMPLEMENTATIONS = YES;
				CLANG_WARN_DIRECT_OBJC_ISA_USAGE = YES_ERROR;
				CLANG_WARN_DOCUMENTATION_COMMENTS = YES;
				CLANG_WARN_EMPTY_BODY = YES;
				CLANG_WARN_ENUM_CONVERSION = YES;
				CLANG_WARN_INFINITE_RECURSION = YES;
				CLANG_WARN_INT_CONVERSION = YES;
				CLANG_WARN_NON_LITERAL_NULL_CONVERSION = YES;
				CLANG_WARN_OBJC_IMPLICIT_RETAIN_SELF = YES;
				CLANG_WARN_OBJC_LITERAL_CONVERSION = YES;
				CLANG_WARN_OBJC_ROOT_CLASS = YES_ERROR;
				CLANG_WARN_QUOTED_INCLUDE_IN_FRAMEWORK_HEADER = YES;
				CLANG_WARN_RANGE_LOOP_ANALYSIS = YES;
				CLANG_WARN_STRICT_PROTOTYPES = YES;
				CLANG_WARN_SUSPICIOUS_MOVE = YES;
				CLANG_WARN_UNGUARDED_AVAILABILITY = YES_AGGRESSIVE;
				CLANG_WARN_UNREACHABLE_CODE = YES;
				CLANG_WARN__DUPLICATE_METHOD_MATCH = YES;
				COPY_PHASE_STRIP = NO;
				DEBUG_INFORMATION_FORMAT = dwarf;
				ENABLE_STRICT_OBJC_MSGSEND = YES;
				ENABLE_TESTABILITY = YES;
				GCC_C_LANGUAGE_STANDARD = gnu11;
				GCC_DYNAMIC_NO_PIC = NO;
				GCC_NO_COMMON_BLOCKS = YES;
				GCC_OPTIMIZATION_LEVEL = 0;
				GCC_PREPROCESSOR_DEFINITIONS = (
					"DEBUG=1",
					"$(inherited)",
				);
				GCC_WARN_64_TO_32_BIT_CONVERSION = YES;
				GCC_WARN_ABOUT_RETURN_TYPE = YES_ERROR;
				GCC_WARN_UNDECLARED_SELECTOR = YES;
				GCC_WARN_UNINITIALIZED_AUTOS = YES_AGGRESSIVE;
				GCC_WARN_UNUSED_FUNCTION = YES;
				GCC_WARN_UNUSED_VARIABLE = YES;
				IPHONEOS_DEPLOYMENT_TARGET = 14.4;
				MTL_ENABLE_DEBUG_INFO = INCLUDE_SOURCE;
				MTL_FAST_MATH = YES;
				ONLY_ACTIVE_ARCH = YES;
				SDKROOT = iphoneos;
				SWIFT_ACTIVE_COMPILATION_CONDITIONS = DEBUG;
				SWIFT_OPTIMIZATION_LEVEL = "-Onone";
			};
			name = Debug;
		};
		14B0267F2A5348B200800DD2 /* Release */ = {
			isa = XCBuildConfiguration;
			buildSettings = {
				ALWAYS_SEARCH_USER_PATHS = NO;
				CLANG_ANALYZER_NONNULL = YES;
				CLANG_ANALYZER_NUMBER_OBJECT_CONVERSION = YES_AGGRESSIVE;
				CLANG_CXX_LANGUAGE_STANDARD = "gnu++14";
				CLANG_CXX_LIBRARY = "libc++";
				CLANG_ENABLE_MODULES = YES;
				CLANG_ENABLE_OBJC_ARC = YES;
				CLANG_ENABLE_OBJC_WEAK = YES;
				CLANG_WARN_BLOCK_CAPTURE_AUTORELEASING = YES;
				CLANG_WARN_BOOL_CONVERSION = YES;
				CLANG_WARN_COMMA = YES;
				CLANG_WARN_CONSTANT_CONVERSION = YES;
				CLANG_WARN_DEPRECATED_OBJC_IMPLEMENTATIONS = YES;
				CLANG_WARN_DIRECT_OBJC_ISA_USAGE = YES_ERROR;
				CLANG_WARN_DOCUMENTATION_COMMENTS = YES;
				CLANG_WARN_EMPTY_BODY = YES;
				CLANG_WARN_ENUM_CONVERSION = YES;
				CLANG_WARN_INFINITE_RECURSION = YES;
				CLANG_WARN_INT_CONVERSION = YES;
				CLANG_WARN_NON_LITERAL_NULL_CONVERSION = YES;
				CLANG_WARN_OBJC_IMPLICIT_RETAIN_SELF = YES;
				CLANG_WARN_OBJC_LITERAL_CONVERSION = YES;
				CLANG_WARN_OBJC_ROOT_CLASS = YES_ERROR;
				CLANG_WARN_QUOTED_INCLUDE_IN_FRAMEWORK_HEADER = YES;
				CLANG_WARN_RANGE_LOOP_ANALYSIS = YES;
				CLANG_WARN_STRICT_PROTOTYPES = YES;
				CLANG_WARN_SUSPICIOUS_MOVE = YES;
				CLANG_WARN_UNGUARDED_AVAILABILITY = YES_AGGRESSIVE;
				CLANG_WARN_UNREACHABLE_CODE = YES;
				CLANG_WARN__DUPLICATE_METHOD_MATCH = YES;
				COPY_PHASE_STRIP = NO;
				DEBUG_INFORMATION_FORMAT = "dwarf-with-dsym";
				ENABLE_NS_ASSERTIONS = NO;
				ENABLE_STRICT_OBJC_MSGSEND = YES;
				GCC_C_LANGUAGE_STANDARD = gnu11;
				GCC_NO_COMMON_BLOCKS = YES;
				GCC_WARN_64_TO_32_BIT_CONVERSION = YES;
				GCC_WARN_ABOUT_RETURN_TYPE = YES_ERROR;
				GCC_WARN_UNDECLARED_SELECTOR = YES;
				GCC_WARN_UNINITIALIZED_AUTOS = YES_AGGRESSIVE;
				GCC_WARN_UNUSED_FUNCTION = YES;
				GCC_WARN_UNUSED_VARIABLE = YES;
				IPHONEOS_DEPLOYMENT_TARGET = 14.4;
				MTL_ENABLE_DEBUG_INFO = NO;
				MTL_FAST_MATH = YES;
				SDKROOT = iphoneos;
				SWIFT_COMPILATION_MODE = wholemodule;
				SWIFT_OPTIMIZATION_LEVEL = "-O";
				VALIDATE_PRODUCT = YES;
			};
			name = Release;
		};
		14B026812A5348B200800DD2 /* Debug */ = {
			isa = XCBuildConfiguration;
			buildSettings = {
				ASSETCATALOG_COMPILER_APPICON_NAME = AppIcon;
				ASSETCATALOG_COMPILER_GLOBAL_ACCENT_COLOR_NAME = AccentColor;
				CODE_SIGN_STYLE = Automatic;
				DEVELOPMENT_ASSET_PATHS = "\"Lib/Preview Content\"";
				ENABLE_PREVIEWS = YES;
				INFOPLIST_FILE = Lib/Info.plist;
				IPHONEOS_DEPLOYMENT_TARGET = 14.0;
				LD_RUNPATH_SEARCH_PATHS = (
					"$(inherited)",
					"@executable_path/Frameworks",
				);
				PRODUCT_BUNDLE_IDENTIFIER = ifpb.Lib;
				PRODUCT_NAME = "$(TARGET_NAME)";
				SWIFT_VERSION = 5.0;
				TARGETED_DEVICE_FAMILY = "1,2";
			};
			name = Debug;
		};
		14B026822A5348B200800DD2 /* Release */ = {
			isa = XCBuildConfiguration;
			buildSettings = {
				ASSETCATALOG_COMPILER_APPICON_NAME = AppIcon;
				ASSETCATALOG_COMPILER_GLOBAL_ACCENT_COLOR_NAME = AccentColor;
				CODE_SIGN_STYLE = Automatic;
				DEVELOPMENT_ASSET_PATHS = "\"Lib/Preview Content\"";
				ENABLE_PREVIEWS = YES;
				INFOPLIST_FILE = Lib/Info.plist;
				IPHONEOS_DEPLOYMENT_TARGET = 14.0;
				LD_RUNPATH_SEARCH_PATHS = (
					"$(inherited)",
					"@executable_path/Frameworks",
				);
				PRODUCT_BUNDLE_IDENTIFIER = ifpb.Lib;
				PRODUCT_NAME = "$(TARGET_NAME)";
				SWIFT_VERSION = 5.0;
				TARGETED_DEVICE_FAMILY = "1,2";
			};
			name = Release;
		};
/* End XCBuildConfiguration section */

/* Begin XCConfigurationList section */
		14B026672A5348AB00800DD2 /* Build configuration list for PBXProject "Lib" */ = {
			isa = XCConfigurationList;
			buildConfigurations = (
				14B0267E2A5348B200800DD2 /* Debug */,
				14B0267F2A5348B200800DD2 /* Release */,
			);
			defaultConfigurationIsVisible = 0;
			defaultConfigurationName = Release;
		};
		14B026802A5348B200800DD2 /* Build configuration list for PBXNativeTarget "Lib" */ = {
			isa = XCConfigurationList;
			buildConfigurations = (
				14B026812A5348B200800DD2 /* Debug */,
				14B026822A5348B200800DD2 /* Release */,
			);
			defaultConfigurationIsVisible = 0;
			defaultConfigurationName = Release;
		};
/* End XCConfigurationList section */

/* Begin XCVersionGroup section */
		14B0267A2A5348B200800DD2 /* Lib.xcdatamodeld */ = {
			isa = XCVersionGroup;
			children = (
				14B0267B2A5348B200800DD2 /* Lib.xcdatamodel */,
			);
			currentVersion = 14B0267B2A5348B200800DD2 /* Lib.xcdatamodel */;
			path = Lib.xcdatamodeld;
			sourceTree = "<group>";
			versionGroupType = wrapper.xcdatamodel;
		};
/* End XCVersionGroup section */
	};
	rootObject = 14B026642A5348AB00800DD2 /* Project object */;
}
